// !$*UTF8*$!
{
	archiveVersion = 1;
	classes = {
	};
	objectVersion = 46;
	objects = {

/* Begin PBXBuildFile section */
		EEEA740D1CDCEB3C0026BBD4 /* AppDelegate.swift in Sources */ = {isa = PBXBuildFile; fileRef = EEEA740C1CDCEB3C0026BBD4 /* AppDelegate.swift */; };
		EEEA740F1CDCEB3C0026BBD4 /* CareOverviewViewController.swift in Sources */ = {isa = PBXBuildFile; fileRef = EEEA740E1CDCEB3C0026BBD4 /* CareOverviewViewController.swift */; };
		EEEA74141CDCEB3C0026BBD4 /* Main.storyboard in Resources */ = {isa = PBXBuildFile; fileRef = EEEA74121CDCEB3C0026BBD4 /* Main.storyboard */; };
		EEEA74161CDCEB3C0026BBD4 /* Assets.xcassets in Resources */ = {isa = PBXBuildFile; fileRef = EEEA74151CDCEB3C0026BBD4 /* Assets.xcassets */; };
		EEEA74191CDCEB3C0026BBD4 /* LaunchScreen.storyboard in Resources */ = {isa = PBXBuildFile; fileRef = EEEA74171CDCEB3C0026BBD4 /* LaunchScreen.storyboard */; };
		EEEA74241CDCEB3C0026BBD4 /* CarePlanTests.swift in Sources */ = {isa = PBXBuildFile; fileRef = EEEA74231CDCEB3C0026BBD4 /* CarePlanTests.swift */; };
		EEEA746B1CDCECCF0026BBD4 /* C3PROCare.framework in Frameworks */ = {isa = PBXBuildFile; fileRef = EEEA745A1CDCEBED0026BBD4 /* C3PROCare.framework */; };
		EEEA746C1CDCECCF0026BBD4 /* C3PROCare.framework in Embed Frameworks */ = {isa = PBXBuildFile; fileRef = EEEA745A1CDCEBED0026BBD4 /* C3PROCare.framework */; settings = {ATTRIBUTES = (CodeSignOnCopy, RemoveHeadersOnCopy, ); }; };
		EEEA74711CDCED8B0026BBD4 /* careplan-example-overweight.json in Resources */ = {isa = PBXBuildFile; fileRef = EEEA74701CDCED8B0026BBD4 /* careplan-example-overweight.json */; };
		EEEA74991CDE38B80026BBD4 /* CareParticipantsViewController.swift in Sources */ = {isa = PBXBuildFile; fileRef = EEEA74981CDE38B80026BBD4 /* CareParticipantsViewController.swift */; };
/* End PBXBuildFile section */

/* Begin PBXContainerItemProxy section */
		EEEA74201CDCEB3C0026BBD4 /* PBXContainerItemProxy */ = {
			isa = PBXContainerItemProxy;
			containerPortal = EEEA74011CDCEB3C0026BBD4 /* Project object */;
			proxyType = 1;
			remoteGlobalIDString = EEEA74081CDCEB3C0026BBD4;
			remoteInfo = CarePlan;
		};
		EEEA74591CDCEBED0026BBD4 /* PBXContainerItemProxy */ = {
			isa = PBXContainerItemProxy;
			containerPortal = EEEA74541CDCEBED0026BBD4 /* c3-pro-carework.xcodeproj */;
			proxyType = 2;
			remoteGlobalIDString = EEEA743A1CDCEBEC0026BBD4;
			remoteInfo = "c3-pro-carework";
		};
		EEEA745B1CDCEBED0026BBD4 /* PBXContainerItemProxy */ = {
			isa = PBXContainerItemProxy;
			containerPortal = EEEA74541CDCEBED0026BBD4 /* c3-pro-carework.xcodeproj */;
			proxyType = 2;
			remoteGlobalIDString = EEEA74441CDCEBED0026BBD4;
			remoteInfo = "c3-pro-careworkTests";
		};
		EEEA74691CDCECC00026BBD4 /* PBXContainerItemProxy */ = {
			isa = PBXContainerItemProxy;
			containerPortal = EEEA74541CDCEBED0026BBD4 /* c3-pro-carework.xcodeproj */;
			proxyType = 1;
			remoteGlobalIDString = EEEA74391CDCEBEC0026BBD4;
			remoteInfo = "c3-pro-carework";
		};
		EEEA746D1CDCECCF0026BBD4 /* PBXContainerItemProxy */ = {
			isa = PBXContainerItemProxy;
			containerPortal = EEEA74541CDCEBED0026BBD4 /* c3-pro-carework.xcodeproj */;
			proxyType = 1;
			remoteGlobalIDString = EEEA74391CDCEBEC0026BBD4;
			remoteInfo = "c3-pro-carework";
		};
/* End PBXContainerItemProxy section */

/* Begin PBXCopyFilesBuildPhase section */
		EEEA746F1CDCECCF0026BBD4 /* Embed Frameworks */ = {
			isa = PBXCopyFilesBuildPhase;
			buildActionMask = 2147483647;
			dstPath = "";
			dstSubfolderSpec = 10;
			files = (
				EEEA746C1CDCECCF0026BBD4 /* C3PROCare.framework in Embed Frameworks */,
			);
			name = "Embed Frameworks";
			runOnlyForDeploymentPostprocessing = 0;
		};
/* End PBXCopyFilesBuildPhase section */

/* Begin PBXFileReference section */
		EE786F321CE0D5D300C29D8B /* README.md */ = {isa = PBXFileReference; lastKnownFileType = net.daringfireball.markdown; path = README.md; sourceTree = "<group>"; };
		EEEA74091CDCEB3C0026BBD4 /* CarePlan.app */ = {isa = PBXFileReference; explicitFileType = wrapper.application; includeInIndex = 0; path = CarePlan.app; sourceTree = BUILT_PRODUCTS_DIR; };
		EEEA740C1CDCEB3C0026BBD4 /* AppDelegate.swift */ = {isa = PBXFileReference; lastKnownFileType = sourcecode.swift; path = AppDelegate.swift; sourceTree = "<group>"; };
		EEEA740E1CDCEB3C0026BBD4 /* CareOverviewViewController.swift */ = {isa = PBXFileReference; lastKnownFileType = sourcecode.swift; path = CareOverviewViewController.swift; sourceTree = "<group>"; };
		EEEA74131CDCEB3C0026BBD4 /* Base */ = {isa = PBXFileReference; lastKnownFileType = file.storyboard; name = Base; path = Base.lproj/Main.storyboard; sourceTree = "<group>"; };
		EEEA74151CDCEB3C0026BBD4 /* Assets.xcassets */ = {isa = PBXFileReference; lastKnownFileType = folder.assetcatalog; path = Assets.xcassets; sourceTree = "<group>"; };
		EEEA74181CDCEB3C0026BBD4 /* Base */ = {isa = PBXFileReference; lastKnownFileType = file.storyboard; name = Base; path = Base.lproj/LaunchScreen.storyboard; sourceTree = "<group>"; };
		EEEA741A1CDCEB3C0026BBD4 /* Info.plist */ = {isa = PBXFileReference; lastKnownFileType = text.plist.xml; path = Info.plist; sourceTree = "<group>"; };
		EEEA741F1CDCEB3C0026BBD4 /* CarePlanTests.xctest */ = {isa = PBXFileReference; explicitFileType = wrapper.cfbundle; includeInIndex = 0; path = CarePlanTests.xctest; sourceTree = BUILT_PRODUCTS_DIR; };
		EEEA74231CDCEB3C0026BBD4 /* CarePlanTests.swift */ = {isa = PBXFileReference; lastKnownFileType = sourcecode.swift; path = CarePlanTests.swift; sourceTree = "<group>"; };
		EEEA74251CDCEB3C0026BBD4 /* Info.plist */ = {isa = PBXFileReference; lastKnownFileType = text.plist.xml; path = Info.plist; sourceTree = "<group>"; };
		EEEA74541CDCEBED0026BBD4 /* c3-pro-carework.xcodeproj */ = {isa = PBXFileReference; lastKnownFileType = "wrapper.pb-project"; name = "c3-pro-carework.xcodeproj"; path = "c3-pro-carework/c3-pro-carework.xcodeproj"; sourceTree = "<group>"; };
		EEEA74701CDCED8B0026BBD4 /* careplan-example-overweight.json */ = {isa = PBXFileReference; fileEncoding = 4; lastKnownFileType = text.json; path = "careplan-example-overweight.json"; sourceTree = "<group>"; };
		EEEA74981CDE38B80026BBD4 /* CareParticipantsViewController.swift */ = {isa = PBXFileReference; fileEncoding = 4; lastKnownFileType = sourcecode.swift; path = CareParticipantsViewController.swift; sourceTree = "<group>"; };
/* End PBXFileReference section */

/* Begin PBXFrameworksBuildPhase section */
		EEEA74061CDCEB3C0026BBD4 /* Frameworks */ = {
			isa = PBXFrameworksBuildPhase;
			buildActionMask = 2147483647;
			files = (
				EEEA746B1CDCECCF0026BBD4 /* C3PROCare.framework in Frameworks */,
			);
			runOnlyForDeploymentPostprocessing = 0;
		};
		EEEA741C1CDCEB3C0026BBD4 /* Frameworks */ = {
			isa = PBXFrameworksBuildPhase;
			buildActionMask = 2147483647;
			files = (
			);
			runOnlyForDeploymentPostprocessing = 0;
		};
/* End PBXFrameworksBuildPhase section */

/* Begin PBXGroup section */
		EEEA74001CDCEB3C0026BBD4 = {
			isa = PBXGroup;
			children = (
				EE786F321CE0D5D300C29D8B /* README.md */,
				EEEA740B1CDCEB3C0026BBD4 /* CarePlan */,
				EEEA74221CDCEB3C0026BBD4 /* CarePlanTests */,
				EEEA740A1CDCEB3C0026BBD4 /* Products */,
				EEEA74541CDCEBED0026BBD4 /* c3-pro-carework.xcodeproj */,
			);
			sourceTree = "<group>";
		};
		EEEA740A1CDCEB3C0026BBD4 /* Products */ = {
			isa = PBXGroup;
			children = (
				EEEA74091CDCEB3C0026BBD4 /* CarePlan.app */,
				EEEA741F1CDCEB3C0026BBD4 /* CarePlanTests.xctest */,
			);
			name = Products;
			sourceTree = "<group>";
		};
		EEEA740B1CDCEB3C0026BBD4 /* CarePlan */ = {
			isa = PBXGroup;
			children = (
				EEEA74701CDCED8B0026BBD4 /* careplan-example-overweight.json */,
				EEEA740C1CDCEB3C0026BBD4 /* AppDelegate.swift */,
				EEEA742F1CDCEB840026BBD4 /* ViewController */,
				EEEA742E1CDCEB530026BBD4 /* UI */,
				EEEA741A1CDCEB3C0026BBD4 /* Info.plist */,
			);
			path = CarePlan;
			sourceTree = "<group>";
		};
		EEEA74221CDCEB3C0026BBD4 /* CarePlanTests */ = {
			isa = PBXGroup;
			children = (
				EEEA74231CDCEB3C0026BBD4 /* CarePlanTests.swift */,
				EEEA74251CDCEB3C0026BBD4 /* Info.plist */,
			);
			path = CarePlanTests;
			sourceTree = "<group>";
		};
		EEEA742E1CDCEB530026BBD4 /* UI */ = {
			isa = PBXGroup;
			children = (
				EEEA74121CDCEB3C0026BBD4 /* Main.storyboard */,
				EEEA74171CDCEB3C0026BBD4 /* LaunchScreen.storyboard */,
				EEEA74151CDCEB3C0026BBD4 /* Assets.xcassets */,
			);
			name = UI;
			sourceTree = "<group>";
		};
		EEEA742F1CDCEB840026BBD4 /* ViewController */ = {
			isa = PBXGroup;
			children = (
				EEEA740E1CDCEB3C0026BBD4 /* CareOverviewViewController.swift */,
				EEEA74981CDE38B80026BBD4 /* CareParticipantsViewController.swift */,
			);
			name = ViewController;
			sourceTree = "<group>";
		};
		EEEA74551CDCEBED0026BBD4 /* Products */ = {
			isa = PBXGroup;
			children = (
				EEEA745A1CDCEBED0026BBD4 /* C3PROCare.framework */,
				EEEA745C1CDCEBED0026BBD4 /* c3-pro-careworkTests.xctest */,
			);
			name = Products;
			sourceTree = "<group>";
		};
/* End PBXGroup section */

/* Begin PBXNativeTarget section */
		EEEA74081CDCEB3C0026BBD4 /* CarePlan */ = {
			isa = PBXNativeTarget;
			buildConfigurationList = EEEA74281CDCEB3C0026BBD4 /* Build configuration list for PBXNativeTarget "CarePlan" */;
			buildPhases = (
				EEEA74051CDCEB3C0026BBD4 /* Sources */,
				EEEA74061CDCEB3C0026BBD4 /* Frameworks */,
				EEEA74071CDCEB3C0026BBD4 /* Resources */,
				EEEA746F1CDCECCF0026BBD4 /* Embed Frameworks */,
			);
			buildRules = (
			);
			dependencies = (
				EEEA746A1CDCECC00026BBD4 /* PBXTargetDependency */,
				EEEA746E1CDCECCF0026BBD4 /* PBXTargetDependency */,
			);
			name = CarePlan;
			productName = CarePlan;
			productReference = EEEA74091CDCEB3C0026BBD4 /* CarePlan.app */;
			productType = "com.apple.product-type.application";
		};
		EEEA741E1CDCEB3C0026BBD4 /* CarePlanTests */ = {
			isa = PBXNativeTarget;
			buildConfigurationList = EEEA742B1CDCEB3C0026BBD4 /* Build configuration list for PBXNativeTarget "CarePlanTests" */;
			buildPhases = (
				EEEA741B1CDCEB3C0026BBD4 /* Sources */,
				EEEA741C1CDCEB3C0026BBD4 /* Frameworks */,
				EEEA741D1CDCEB3C0026BBD4 /* Resources */,
			);
			buildRules = (
			);
			dependencies = (
				EEEA74211CDCEB3C0026BBD4 /* PBXTargetDependency */,
			);
			name = CarePlanTests;
			productName = CarePlanTests;
			productReference = EEEA741F1CDCEB3C0026BBD4 /* CarePlanTests.xctest */;
			productType = "com.apple.product-type.bundle.unit-test";
		};
/* End PBXNativeTarget section */

/* Begin PBXProject section */
		EEEA74011CDCEB3C0026BBD4 /* Project object */ = {
			isa = PBXProject;
			attributes = {
				LastSwiftUpdateCheck = 0730;
				LastUpgradeCheck = 0730;
				ORGANIZATIONNAME = CHIP;
				TargetAttributes = {
					EEEA74081CDCEB3C0026BBD4 = {
						CreatedOnToolsVersion = 7.3;
					};
					EEEA741E1CDCEB3C0026BBD4 = {
						CreatedOnToolsVersion = 7.3;
						TestTargetID = EEEA74081CDCEB3C0026BBD4;
					};
				};
			};
			buildConfigurationList = EEEA74041CDCEB3C0026BBD4 /* Build configuration list for PBXProject "CarePlan" */;
			compatibilityVersion = "Xcode 3.2";
			developmentRegion = English;
			hasScannedForEncodings = 0;
			knownRegions = (
				en,
				Base,
			);
			mainGroup = EEEA74001CDCEB3C0026BBD4;
			productRefGroup = EEEA740A1CDCEB3C0026BBD4 /* Products */;
			projectDirPath = "";
			projectReferences = (
				{
					ProductGroup = EEEA74551CDCEBED0026BBD4 /* Products */;
					ProjectRef = EEEA74541CDCEBED0026BBD4 /* c3-pro-carework.xcodeproj */;
				},
			);
			projectRoot = "";
			targets = (
				EEEA74081CDCEB3C0026BBD4 /* CarePlan */,
				EEEA741E1CDCEB3C0026BBD4 /* CarePlanTests */,
			);
		};
/* End PBXProject section */

/* Begin PBXReferenceProxy section */
		EEEA745A1CDCEBED0026BBD4 /* C3PROCare.framework */ = {
			isa = PBXReferenceProxy;
			fileType = wrapper.framework;
			path = C3PROCare.framework;
			remoteRef = EEEA74591CDCEBED0026BBD4 /* PBXContainerItemProxy */;
			sourceTree = BUILT_PRODUCTS_DIR;
		};
		EEEA745C1CDCEBED0026BBD4 /* c3-pro-careworkTests.xctest */ = {
			isa = PBXReferenceProxy;
			fileType = wrapper.cfbundle;
			path = "c3-pro-careworkTests.xctest";
			remoteRef = EEEA745B1CDCEBED0026BBD4 /* PBXContainerItemProxy */;
			sourceTree = BUILT_PRODUCTS_DIR;
		};
/* End PBXReferenceProxy section */

/* Begin PBXResourcesBuildPhase section */
		EEEA74071CDCEB3C0026BBD4 /* Resources */ = {
			isa = PBXResourcesBuildPhase;
			buildActionMask = 2147483647;
			files = (
				EEEA74711CDCED8B0026BBD4 /* careplan-example-overweight.json in Resources */,
				EEEA74191CDCEB3C0026BBD4 /* LaunchScreen.storyboard in Resources */,
				EEEA74161CDCEB3C0026BBD4 /* Assets.xcassets in Resources */,
				EEEA74141CDCEB3C0026BBD4 /* Main.storyboard in Resources */,
			);
			runOnlyForDeploymentPostprocessing = 0;
		};
		EEEA741D1CDCEB3C0026BBD4 /* Resources */ = {
			isa = PBXResourcesBuildPhase;
			buildActionMask = 2147483647;
			files = (
			);
			runOnlyForDeploymentPostprocessing = 0;
		};
/* End PBXResourcesBuildPhase section */

/* Begin PBXSourcesBuildPhase section */
		EEEA74051CDCEB3C0026BBD4 /* Sources */ = {
			isa = PBXSourcesBuildPhase;
			buildActionMask = 2147483647;
			files = (
				EEEA74991CDE38B80026BBD4 /* CareParticipantsViewController.swift in Sources */,
				EEEA740D1CDCEB3C0026BBD4 /* AppDelegate.swift in Sources */,
				EEEA740F1CDCEB3C0026BBD4 /* CareOverviewViewController.swift in Sources */,
			);
			runOnlyForDeploymentPostprocessing = 0;
		};
		EEEA741B1CDCEB3C0026BBD4 /* Sources */ = {
			isa = PBXSourcesBuildPhase;
			buildActionMask = 2147483647;
			files = (
				EEEA74241CDCEB3C0026BBD4 /* CarePlanTests.swift in Sources */,
			);
			runOnlyForDeploymentPostprocessing = 0;
		};
/* End PBXSourcesBuildPhase section */

/* Begin PBXTargetDependency section */
		EEEA74211CDCEB3C0026BBD4 /* PBXTargetDependency */ = {
			isa = PBXTargetDependency;
			target = EEEA74081CDCEB3C0026BBD4 /* CarePlan */;
			targetProxy = EEEA74201CDCEB3C0026BBD4 /* PBXContainerItemProxy */;
		};
		EEEA746A1CDCECC00026BBD4 /* PBXTargetDependency */ = {
			isa = PBXTargetDependency;
			name = "c3-pro-carework";
			targetProxy = EEEA74691CDCECC00026BBD4 /* PBXContainerItemProxy */;
		};
		EEEA746E1CDCECCF0026BBD4 /* PBXTargetDependency */ = {
			isa = PBXTargetDependency;
			name = "c3-pro-carework";
			targetProxy = EEEA746D1CDCECCF0026BBD4 /* PBXContainerItemProxy */;
		};
/* End PBXTargetDependency section */

/* Begin PBXVariantGroup section */
		EEEA74121CDCEB3C0026BBD4 /* Main.storyboard */ = {
			isa = PBXVariantGroup;
			children = (
				EEEA74131CDCEB3C0026BBD4 /* Base */,
			);
			name = Main.storyboard;
			sourceTree = "<group>";
		};
		EEEA74171CDCEB3C0026BBD4 /* LaunchScreen.storyboard */ = {
			isa = PBXVariantGroup;
			children = (
				EEEA74181CDCEB3C0026BBD4 /* Base */,
			);
			name = LaunchScreen.storyboard;
			sourceTree = "<group>";
		};
/* End PBXVariantGroup section */

/* Begin XCBuildConfiguration section */
		EEEA74261CDCEB3C0026BBD4 /* Debug */ = {
			isa = XCBuildConfiguration;
			buildSettings = {
				ALWAYS_SEARCH_USER_PATHS = NO;
				CLANG_ANALYZER_NONNULL = YES;
				CLANG_CXX_LANGUAGE_STANDARD = "gnu++0x";
				CLANG_CXX_LIBRARY = "libc++";
				CLANG_ENABLE_MODULES = YES;
				CLANG_ENABLE_OBJC_ARC = YES;
				CLANG_WARN_BOOL_CONVERSION = YES;
				CLANG_WARN_CONSTANT_CONVERSION = YES;
				CLANG_WARN_DIRECT_OBJC_ISA_USAGE = YES_ERROR;
				CLANG_WARN_EMPTY_BODY = YES;
				CLANG_WARN_ENUM_CONVERSION = YES;
				CLANG_WARN_INT_CONVERSION = YES;
				CLANG_WARN_OBJC_ROOT_CLASS = YES_ERROR;
				CLANG_WARN_UNREACHABLE_CODE = YES;
				CLANG_WARN__DUPLICATE_METHOD_MATCH = YES;
				"CODE_SIGN_IDENTITY[sdk=iphoneos*]" = "iPhone Developer";
				COPY_PHASE_STRIP = NO;
				DEBUG_INFORMATION_FORMAT = dwarf;
				ENABLE_STRICT_OBJC_MSGSEND = YES;
				ENABLE_TESTABILITY = YES;
				GCC_C_LANGUAGE_STANDARD = gnu99;
				GCC_DYNAMIC_NO_PIC = NO;
				GCC_NO_COMMON_BLOCKS = YES;
				GCC_OPTIMIZATION_LEVEL = 0;
				GCC_PREPROCESSOR_DEFINITIONS = (
					"DEBUG=1",
					"$(inherited)",
				);
				GCC_WARN_64_TO_32_BIT_CONVERSION = YES;
				GCC_WARN_ABOUT_RETURN_TYPE = YES_ERROR;
				GCC_WARN_UNDECLARED_SELECTOR = YES;
				GCC_WARN_UNINITIALIZED_AUTOS = YES_AGGRESSIVE;
				GCC_WARN_UNUSED_FUNCTION = YES;
				GCC_WARN_UNUSED_VARIABLE = YES;
				IPHONEOS_DEPLOYMENT_TARGET = 9.3;
				MTL_ENABLE_DEBUG_INFO = YES;
				ONLY_ACTIVE_ARCH = YES;
				SDKROOT = iphoneos;
				SWIFT_OPTIMIZATION_LEVEL = "-Onone";
			};
			name = Debug;
		};
		EEEA74271CDCEB3C0026BBD4 /* Release */ = {
			isa = XCBuildConfiguration;
			buildSettings = {
				ALWAYS_SEARCH_USER_PATHS = NO;
				CLANG_ANALYZER_NONNULL = YES;
				CLANG_CXX_LANGUAGE_STANDARD = "gnu++0x";
				CLANG_CXX_LIBRARY = "libc++";
				CLANG_ENABLE_MODULES = YES;
				CLANG_ENABLE_OBJC_ARC = YES;
				CLANG_WARN_BOOL_CONVERSION = YES;
				CLANG_WARN_CONSTANT_CONVERSION = YES;
				CLANG_WARN_DIRECT_OBJC_ISA_USAGE = YES_ERROR;
				CLANG_WARN_EMPTY_BODY = YES;
				CLANG_WARN_ENUM_CONVERSION = YES;
				CLANG_WARN_INT_CONVERSION = YES;
				CLANG_WARN_OBJC_ROOT_CLASS = YES_ERROR;
				CLANG_WARN_UNREACHABLE_CODE = YES;
				CLANG_WARN__DUPLICATE_METHOD_MATCH = YES;
				"CODE_SIGN_IDENTITY[sdk=iphoneos*]" = "iPhone Developer";
				COPY_PHASE_STRIP = NO;
				DEBUG_INFORMATION_FORMAT = "dwarf-with-dsym";
				ENABLE_NS_ASSERTIONS = NO;
				ENABLE_STRICT_OBJC_MSGSEND = YES;
				GCC_C_LANGUAGE_STANDARD = gnu99;
				GCC_NO_COMMON_BLOCKS = YES;
				GCC_WARN_64_TO_32_BIT_CONVERSION = YES;
				GCC_WARN_ABOUT_RETURN_TYPE = YES_ERROR;
				GCC_WARN_UNDECLARED_SELECTOR = YES;
				GCC_WARN_UNINITIALIZED_AUTOS = YES_AGGRESSIVE;
				GCC_WARN_UNUSED_FUNCTION = YES;
				GCC_WARN_UNUSED_VARIABLE = YES;
				IPHONEOS_DEPLOYMENT_TARGET = 9.3;
				MTL_ENABLE_DEBUG_INFO = NO;
				SDKROOT = iphoneos;
				VALIDATE_PRODUCT = YES;
			};
			name = Release;
		};
		EEEA74291CDCEB3C0026BBD4 /* Debug */ = {
			isa = XCBuildConfiguration;
			buildSettings = {
				ASSETCATALOG_COMPILER_APPICON_NAME = AppIcon;
				INFOPLIST_FILE = CarePlan/Info.plist;
				LD_RUNPATH_SEARCH_PATHS = "$(inherited) @executable_path/Frameworks";
				PRODUCT_BUNDLE_IDENTIFIER = org.chip.ios.CarePlan;
				PRODUCT_NAME = "$(TARGET_NAME)";
			};
			name = Debug;
		};
		EEEA742A1CDCEB3C0026BBD4 /* Release */ = {
			isa = XCBuildConfiguration;
			buildSettings = {
				ASSETCATALOG_COMPILER_APPICON_NAME = AppIcon;
				INFOPLIST_FILE = CarePlan/Info.plist;
				LD_RUNPATH_SEARCH_PATHS = "$(inherited) @executable_path/Frameworks";
				PRODUCT_BUNDLE_IDENTIFIER = org.chip.ios.CarePlan;
				PRODUCT_NAME = "$(TARGET_NAME)";
			};
			name = Release;
		};
		EEEA742C1CDCEB3C0026BBD4 /* Debug */ = {
			isa = XCBuildConfiguration;
			buildSettings = {
				BUNDLE_LOADER = "$(TEST_HOST)";
				INFOPLIST_FILE = CarePlanTests/Info.plist;
				LD_RUNPATH_SEARCH_PATHS = "$(inherited) @executable_path/Frameworks @loader_path/Frameworks";
				PRODUCT_BUNDLE_IDENTIFIER = org.chip.ios.CarePlanTests;
				PRODUCT_NAME = "$(TARGET_NAME)";
				TEST_HOST = "$(BUILT_PRODUCTS_DIR)/CarePlan.app/CarePlan";
			};
			name = Debug;
		};
		EEEA742D1CDCEB3C0026BBD4 /* Release */ = {
			isa = XCBuildConfiguration;
			buildSettings = {
				BUNDLE_LOADER = "$(TEST_HOST)";
				INFOPLIST_FILE = CarePlanTests/Info.plist;
				LD_RUNPATH_SEARCH_PATHS = "$(inherited) @executable_path/Frameworks @loader_path/Frameworks";
				PRODUCT_BUNDLE_IDENTIFIER = org.chip.ios.CarePlanTests;
				PRODUCT_NAME = "$(TARGET_NAME)";
				TEST_HOST = "$(BUILT_PRODUCTS_DIR)/CarePlan.app/CarePlan";
			};
			name = Release;
		};
/* End XCBuildConfiguration section */

/* Begin XCConfigurationList section */
		EEEA74041CDCEB3C0026BBD4 /* Build configuration list for PBXProject "CarePlan" */ = {
			isa = XCConfigurationList;
			buildConfigurations = (
				EEEA74261CDCEB3C0026BBD4 /* Debug */,
				EEEA74271CDCEB3C0026BBD4 /* Release */,
			);
			defaultConfigurationIsVisible = 0;
			defaultConfigurationName = Release;
		};
		EEEA74281CDCEB3C0026BBD4 /* Build configuration list for PBXNativeTarget "CarePlan" */ = {
			isa = XCConfigurationList;
			buildConfigurations = (
				EEEA74291CDCEB3C0026BBD4 /* Debug */,
				EEEA742A1CDCEB3C0026BBD4 /* Release */,
			);
			defaultConfigurationIsVisible = 0;
			defaultConfigurationName = Release;
		};
		EEEA742B1CDCEB3C0026BBD4 /* Build configuration list for PBXNativeTarget "CarePlanTests" */ = {
			isa = XCConfigurationList;
			buildConfigurations = (
				EEEA742C1CDCEB3C0026BBD4 /* Debug */,
				EEEA742D1CDCEB3C0026BBD4 /* Release */,
			);
			defaultConfigurationIsVisible = 0;
			defaultConfigurationName = Release;
		};
/* End XCConfigurationList section */
	};
	rootObject = EEEA74011CDCEB3C0026BBD4 /* Project object */;
}
